
Microsoft Visual Studio Solution File, Format Version 12.00
# Visual Studio Version 16
VisualStudioVersion = 16.0.29613.14
MinimumVisualStudioVersion = 10.0.40219.1
Project("{FAE04EC0-301F-11D3-BF4B-00C04F79EFBC}") = "ThreadConsole", "ThreadConsole.csproj", "{16251774-FFE9-4A51-8417-598BA2B6776E}"
EndProject
Global
	GlobalSection(SolutionConfigurationPlatforms) = preSolution
		Debug|Any CPU = Debug|Any CPU
		Release|Any CPU = Release|Any CPU
	EndGlobalSection
	GlobalSection(ProjectConfigurationPlatforms) = postSolution
		{16251774-FFE9-4A51-8417-598BA2B6776E}.Debug|Any CPU.ActiveCfg = Debug|Any CPU
		{16251774-FFE9-4A51-8417-598BA2B6776E}.Debug|Any CPU.Build.0 = Debug|Any CPU
		{16251774-FFE9-4A51-8417-598BA2B6776E}.Release|Any CPU.ActiveCfg = Release|Any CPU
		{16251774-FFE9-4A51-8417-598BA2B6776E}.Release|Any CPU.Build.0 = Release|Any CPU
	EndGlobalSection
	GlobalSection(SolutionProperties) = preSolution
		HideSolutionNode = FALSE
	EndGlobalSection
	GlobalSection(ExtensibilityGlobals) = postSolution
		SolutionGuid = {FC52D7F0-047E-47C6-A099-46006E395168}
	EndGlobalSection
EndGlobal
