
Microsoft Visual Studio Solution File, Format Version 12.00
# Visual Studio Version 17
VisualStudioVersion = 17.2.32616.157
MinimumVisualStudioVersion = 10.0.40219.1
Project("{FAE04EC0-301F-11D3-BF4B-00C04F79EFBC}") = "Ordenacao", "Ordenacao.csproj", "{0E78FAE6-289C-4E1A-A383-31EB4151675A}"
EndProject
Global
	GlobalSection(SolutionConfigurationPlatforms) = preSolution
		Debug|Any CPU = Debug|Any CPU
		Release|Any CPU = Release|Any CPU
	EndGlobalSection
	GlobalSection(ProjectConfigurationPlatforms) = postSolution
		{0E78FAE6-289C-4E1A-A383-31EB4151675A}.Debug|Any CPU.ActiveCfg = Debug|Any CPU
		{0E78FAE6-289C-4E1A-A383-31EB4151675A}.Debug|Any CPU.Build.0 = Debug|Any CPU
		{0E78FAE6-289C-4E1A-A383-31EB4151675A}.Release|Any CPU.ActiveCfg = Release|Any CPU
		{0E78FAE6-289C-4E1A-A383-31EB4151675A}.Release|Any CPU.Build.0 = Release|Any CPU
	EndGlobalSection
	GlobalSection(SolutionProperties) = preSolution
		HideSolutionNode = FALSE
	EndGlobalSection
	GlobalSection(ExtensibilityGlobals) = postSolution
		SolutionGuid = {7406FBE3-B97F-460D-B41E-CBED3DF4D95F}
	EndGlobalSection
EndGlobal
