
Microsoft Visual Studio Solution File, Format Version 12.00
# Visual Studio Version 17
VisualStudioVersion = 17.2.32616.157
MinimumVisualStudioVersion = 10.0.40219.1
Project("{FAE04EC0-301F-11D3-BF4B-00C04F79EFBC}") = "WinForms_OrdenaSegundaChava", "WinForms_OrdenaSegundaChava.csproj", "{9A68C6B7-82BF-46DF-BB40-FFF7714777EF}"
EndProject
Global
	GlobalSection(SolutionConfigurationPlatforms) = preSolution
		Debug|Any CPU = Debug|Any CPU
		Release|Any CPU = Release|Any CPU
	EndGlobalSection
	GlobalSection(ProjectConfigurationPlatforms) = postSolution
		{9A68C6B7-82BF-46DF-BB40-FFF7714777EF}.Debug|Any CPU.ActiveCfg = Debug|Any CPU
		{9A68C6B7-82BF-46DF-BB40-FFF7714777EF}.Debug|Any CPU.Build.0 = Debug|Any CPU
		{9A68C6B7-82BF-46DF-BB40-FFF7714777EF}.Release|Any CPU.ActiveCfg = Release|Any CPU
		{9A68C6B7-82BF-46DF-BB40-FFF7714777EF}.Release|Any CPU.Build.0 = Release|Any CPU
	EndGlobalSection
	GlobalSection(SolutionProperties) = preSolution
		HideSolutionNode = FALSE
	EndGlobalSection
	GlobalSection(ExtensibilityGlobals) = postSolution
		SolutionGuid = {97952D22-D453-44B0-965D-D8AB73C7D37D}
	EndGlobalSection
EndGlobal
